// !$*UTF8*$!
{
	archiveVersion = 1;
	classes = {
	};
	objectVersion = 46;
	objects = {

/* Begin PBXBuildFile section */
		9C80BF3B18B83906009074BD /* Foundation.framework in Frameworks */ = {isa = PBXBuildFile; fileRef = 9C80BF3A18B83906009074BD /* Foundation.framework */; };
		9C80BF3D18B83906009074BD /* CoreGraphics.framework in Frameworks */ = {isa = PBXBuildFile; fileRef = 9C80BF3C18B83906009074BD /* CoreGraphics.framework */; };
		9C80BF3F18B83906009074BD /* UIKit.framework in Frameworks */ = {isa = PBXBuildFile; fileRef = 9C80BF3E18B83906009074BD /* UIKit.framework */; };
		9C80BF4518B83906009074BD /* InfoPlist.strings in Resources */ = {isa = PBXBuildFile; fileRef = 9C80BF4318B83906009074BD /* InfoPlist.strings */; };
		9C80BF4718B83906009074BD /* main.m in Sources */ = {isa = PBXBuildFile; fileRef = 9C80BF4618B83906009074BD /* main.m */; };
		9C80BF4B18B83906009074BD /* AppDelegate.m in Sources */ = {isa = PBXBuildFile; fileRef = 9C80BF4A18B83906009074BD /* AppDelegate.m */; };
		9C80BF4E18B83906009074BD /* Main.storyboard in Resources */ = {isa = PBXBuildFile; fileRef = 9C80BF4C18B83906009074BD /* Main.storyboard */; };
		9C80BF5118B83906009074BD /* CardGameViewController.m in Sources */ = {isa = PBXBuildFile; fileRef = 9C80BF5018B83906009074BD /* CardGameViewController.m */; };
		9C80BF5318B83907009074BD /* Images.xcassets in Resources */ = {isa = PBXBuildFile; fileRef = 9C80BF5218B83907009074BD /* Images.xcassets */; };
		9C80BF5A18B83907009074BD /* XCTest.framework in Frameworks */ = {isa = PBXBuildFile; fileRef = 9C80BF5918B83907009074BD /* XCTest.framework */; };
		9C80BF5B18B83907009074BD /* Foundation.framework in Frameworks */ = {isa = PBXBuildFile; fileRef = 9C80BF3A18B83906009074BD /* Foundation.framework */; };
		9C80BF5C18B83907009074BD /* UIKit.framework in Frameworks */ = {isa = PBXBuildFile; fileRef = 9C80BF3E18B83906009074BD /* UIKit.framework */; };
		9C80BF6418B83907009074BD /* InfoPlist.strings in Resources */ = {isa = PBXBuildFile; fileRef = 9C80BF6218B83907009074BD /* InfoPlist.strings */; };
		9C80BF6618B83907009074BD /* MatchismoTests.m in Sources */ = {isa = PBXBuildFile; fileRef = 9C80BF6518B83907009074BD /* MatchismoTests.m */; };
		9C80BF7218B83A8C009074BD /* Card.m in Sources */ = {isa = PBXBuildFile; fileRef = 9C80BF7118B83A8C009074BD /* Card.m */; };
		9C80BF7818B83AB6009074BD /* PlayingCard.m in Sources */ = {isa = PBXBuildFile; fileRef = 9C80BF7718B83AB6009074BD /* PlayingCard.m */; };
		9C80BF7B18B83AD9009074BD /* PlayingCardDeck.m in Sources */ = {isa = PBXBuildFile; fileRef = 9C80BF7A18B83AD9009074BD /* PlayingCardDeck.m */; };
		9C80BF7E18B83B18009074BD /* Deck.m in Sources */ = {isa = PBXBuildFile; fileRef = 9C80BF7D18B83B18009074BD /* Deck.m */; };
		9CEDFCDE18BFB532005D6473 /* CardMatchingGame.m in Sources */ = {isa = PBXBuildFile; fileRef = 9CEDFCDD18BFB532005D6473 /* CardMatchingGame.m */; };
/* End PBXBuildFile section */

/* Begin PBXContainerItemProxy section */
		9C80BF5D18B83907009074BD /* PBXContainerItemProxy */ = {
			isa = PBXContainerItemProxy;
			containerPortal = 9C80BF2F18B83906009074BD /* Project object */;
			proxyType = 1;
			remoteGlobalIDString = 9C80BF3618B83906009074BD;
			remoteInfo = Matchismo;
		};
/* End PBXContainerItemProxy section */

/* Begin PBXFileReference section */
		9C80BF3718B83906009074BD /* Matchismo.app */ = {isa = PBXFileReference; explicitFileType = wrapper.application; includeInIndex = 0; path = Matchismo.app; sourceTree = BUILT_PRODUCTS_DIR; };
		9C80BF3A18B83906009074BD /* Foundation.framework */ = {isa = PBXFileReference; lastKnownFileType = wrapper.framework; name = Foundation.framework; path = System/Library/Frameworks/Foundation.framework; sourceTree = SDKROOT; };
		9C80BF3C18B83906009074BD /* CoreGraphics.framework */ = {isa = PBXFileReference; lastKnownFileType = wrapper.framework; name = CoreGraphics.framework; path = System/Library/Frameworks/CoreGraphics.framework; sourceTree = SDKROOT; };
		9C80BF3E18B83906009074BD /* UIKit.framework */ = {isa = PBXFileReference; lastKnownFileType = wrapper.framework; name = UIKit.framework; path = System/Library/Frameworks/UIKit.framework; sourceTree = SDKROOT; };
		9C80BF4218B83906009074BD /* Matchismo-Info.plist */ = {isa = PBXFileReference; lastKnownFileType = text.plist.xml; path = "Matchismo-Info.plist"; sourceTree = "<group>"; };
		9C80BF4418B83906009074BD /* en */ = {isa = PBXFileReference; lastKnownFileType = text.plist.strings; name = en; path = en.lproj/InfoPlist.strings; sourceTree = "<group>"; };
		9C80BF4618B83906009074BD /* main.m */ = {isa = PBXFileReference; lastKnownFileType = sourcecode.c.objc; path = main.m; sourceTree = "<group>"; };
		9C80BF4818B83906009074BD /* Matchismo-Prefix.pch */ = {isa = PBXFileReference; lastKnownFileType = sourcecode.c.h; path = "Matchismo-Prefix.pch"; sourceTree = "<group>"; };
		9C80BF4918B83906009074BD /* AppDelegate.h */ = {isa = PBXFileReference; lastKnownFileType = sourcecode.c.h; path = AppDelegate.h; sourceTree = "<group>"; };
		9C80BF4A18B83906009074BD /* AppDelegate.m */ = {isa = PBXFileReference; lastKnownFileType = sourcecode.c.objc; path = AppDelegate.m; sourceTree = "<group>"; };
		9C80BF4D18B83906009074BD /* Base */ = {isa = PBXFileReference; lastKnownFileType = file.storyboard; name = Base; path = Base.lproj/Main.storyboard; sourceTree = "<group>"; };
		9C80BF4F18B83906009074BD /* CardGameViewController.h */ = {isa = PBXFileReference; lastKnownFileType = sourcecode.c.h; path = CardGameViewController.h; sourceTree = "<group>"; };
		9C80BF5018B83906009074BD /* CardGameViewController.m */ = {isa = PBXFileReference; lastKnownFileType = sourcecode.c.objc; path = CardGameViewController.m; sourceTree = "<group>"; };
		9C80BF5218B83907009074BD /* Images.xcassets */ = {isa = PBXFileReference; lastKnownFileType = folder.assetcatalog; path = Images.xcassets; sourceTree = "<group>"; };
		9C80BF5818B83907009074BD /* MatchismoTests.xctest */ = {isa = PBXFileReference; explicitFileType = wrapper.cfbundle; includeInIndex = 0; path = MatchismoTests.xctest; sourceTree = BUILT_PRODUCTS_DIR; };
		9C80BF5918B83907009074BD /* XCTest.framework */ = {isa = PBXFileReference; lastKnownFileType = wrapper.framework; name = XCTest.framework; path = Library/Frameworks/XCTest.framework; sourceTree = DEVELOPER_DIR; };
		9C80BF6118B83907009074BD /* MatchismoTests-Info.plist */ = {isa = PBXFileReference; lastKnownFileType = text.plist.xml; path = "MatchismoTests-Info.plist"; sourceTree = "<group>"; };
		9C80BF6318B83907009074BD /* en */ = {isa = PBXFileReference; lastKnownFileType = text.plist.strings; name = en; path = en.lproj/InfoPlist.strings; sourceTree = "<group>"; };
		9C80BF6518B83907009074BD /* MatchismoTests.m */ = {isa = PBXFileReference; lastKnownFileType = sourcecode.c.objc; path = MatchismoTests.m; sourceTree = "<group>"; };
		9C80BF7018B83A8C009074BD /* Card.h */ = {isa = PBXFileReference; fileEncoding = 4; lastKnownFileType = sourcecode.c.h; name = Card.h; path = Model/Card.h; sourceTree = "<group>"; };
		9C80BF7118B83A8C009074BD /* Card.m */ = {isa = PBXFileReference; fileEncoding = 4; lastKnownFileType = sourcecode.c.objc; name = Card.m; path = Model/Card.m; sourceTree = "<group>"; };
		9C80BF7618B83AB6009074BD /* PlayingCard.h */ = {isa = PBXFileReference; fileEncoding = 4; lastKnownFileType = sourcecode.c.h; name = PlayingCard.h; path = Model/PlayingCard.h; sourceTree = "<group>"; };
		9C80BF7718B83AB6009074BD /* PlayingCard.m */ = {isa = PBXFileReference; fileEncoding = 4; lastKnownFileType = sourcecode.c.objc; name = PlayingCard.m; path = Model/PlayingCard.m; sourceTree = "<group>"; };
		9C80BF7918B83AD9009074BD /* PlayingCardDeck.h */ = {isa = PBXFileReference; fileEncoding = 4; lastKnownFileType = sourcecode.c.h; name = PlayingCardDeck.h; path = Model/PlayingCardDeck.h; sourceTree = "<group>"; };
		9C80BF7A18B83AD9009074BD /* PlayingCardDeck.m */ = {isa = PBXFileReference; fileEncoding = 4; lastKnownFileType = sourcecode.c.objc; name = PlayingCardDeck.m; path = Model/PlayingCardDeck.m; sourceTree = "<group>"; };
		9C80BF7C18B83B18009074BD /* Deck.h */ = {isa = PBXFileReference; fileEncoding = 4; lastKnownFileType = sourcecode.c.h; name = Deck.h; path = Model/Deck.h; sourceTree = "<group>"; };
		9C80BF7D18B83B18009074BD /* Deck.m */ = {isa = PBXFileReference; fileEncoding = 4; lastKnownFileType = sourcecode.c.objc; name = Deck.m; path = Model/Deck.m; sourceTree = "<group>"; };
		9CEDFCDC18BFB532005D6473 /* CardMatchingGame.h */ = {isa = PBXFileReference; fileEncoding = 4; lastKnownFileType = sourcecode.c.h; name = CardMatchingGame.h; path = Model/CardMatchingGame.h; sourceTree = "<group>"; };
		9CEDFCDD18BFB532005D6473 /* CardMatchingGame.m */ = {isa = PBXFileReference; fileEncoding = 4; lastKnownFileType = sourcecode.c.objc; name = CardMatchingGame.m; path = Model/CardMatchingGame.m; sourceTree = "<group>"; };
/* End PBXFileReference section */

/* Begin PBXFrameworksBuildPhase section */
		9C80BF3418B83906009074BD /* Frameworks */ = {
			isa = PBXFrameworksBuildPhase;
			buildActionMask = 2147483647;
			files = (
				9C80BF3D18B83906009074BD /* CoreGraphics.framework in Frameworks */,
				9C80BF3F18B83906009074BD /* UIKit.framework in Frameworks */,
				9C80BF3B18B83906009074BD /* Foundation.framework in Frameworks */,
			);
			runOnlyForDeploymentPostprocessing = 0;
		};
		9C80BF5518B83907009074BD /* Frameworks */ = {
			isa = PBXFrameworksBuildPhase;
			buildActionMask = 2147483647;
			files = (
				9C80BF5A18B83907009074BD /* XCTest.framework in Frameworks */,
				9C80BF5C18B83907009074BD /* UIKit.framework in Frameworks */,
				9C80BF5B18B83907009074BD /* Foundation.framework in Frameworks */,
			);
			runOnlyForDeploymentPostprocessing = 0;
		};
/* End PBXFrameworksBuildPhase section */

/* Begin PBXGroup section */
		9C80BF2E18B83906009074BD = {
			isa = PBXGroup;
			children = (
				9C80BF4018B83906009074BD /* Matchismo */,
				9C80BF5F18B83907009074BD /* MatchismoTests */,
				9C80BF3918B83906009074BD /* Frameworks */,
				9C80BF3818B83906009074BD /* Products */,
			);
			sourceTree = "<group>";
		};
		9C80BF3818B83906009074BD /* Products */ = {
			isa = PBXGroup;
			children = (
				9C80BF3718B83906009074BD /* Matchismo.app */,
				9C80BF5818B83907009074BD /* MatchismoTests.xctest */,
			);
			name = Products;
			sourceTree = "<group>";
		};
		9C80BF3918B83906009074BD /* Frameworks */ = {
			isa = PBXGroup;
			children = (
				9C80BF3A18B83906009074BD /* Foundation.framework */,
				9C80BF3C18B83906009074BD /* CoreGraphics.framework */,
				9C80BF3E18B83906009074BD /* UIKit.framework */,
				9C80BF5918B83907009074BD /* XCTest.framework */,
			);
			name = Frameworks;
			sourceTree = "<group>";
		};
		9C80BF4018B83906009074BD /* Matchismo */ = {
			isa = PBXGroup;
			children = (
				9C80BF6F18B83910009074BD /* Model */,
				9C80BF4918B83906009074BD /* AppDelegate.h */,
				9C80BF4A18B83906009074BD /* AppDelegate.m */,
				9C80BF4C18B83906009074BD /* Main.storyboard */,
				9C80BF4F18B83906009074BD /* CardGameViewController.h */,
				9C80BF5018B83906009074BD /* CardGameViewController.m */,
				9C80BF5218B83907009074BD /* Images.xcassets */,
				9C80BF4118B83906009074BD /* Supporting Files */,
			);
			path = Matchismo;
			sourceTree = "<group>";
		};
		9C80BF4118B83906009074BD /* Supporting Files */ = {
			isa = PBXGroup;
			children = (
				9C80BF4218B83906009074BD /* Matchismo-Info.plist */,
				9C80BF4318B83906009074BD /* InfoPlist.strings */,
				9C80BF4618B83906009074BD /* main.m */,
				9C80BF4818B83906009074BD /* Matchismo-Prefix.pch */,
			);
			name = "Supporting Files";
			sourceTree = "<group>";
		};
		9C80BF5F18B83907009074BD /* MatchismoTests */ = {
			isa = PBXGroup;
			children = (
				9C80BF6518B83907009074BD /* MatchismoTests.m */,
				9C80BF6018B83907009074BD /* Supporting Files */,
			);
			path = MatchismoTests;
			sourceTree = "<group>";
		};
		9C80BF6018B83907009074BD /* Supporting Files */ = {
			isa = PBXGroup;
			children = (
				9C80BF6118B83907009074BD /* MatchismoTests-Info.plist */,
				9C80BF6218B83907009074BD /* InfoPlist.strings */,
			);
			name = "Supporting Files";
			sourceTree = "<group>";
		};
		9C80BF6F18B83910009074BD /* Model */ = {
			isa = PBXGroup;
			children = (
				9CEDFCDC18BFB532005D6473 /* CardMatchingGame.h */,
				9CEDFCDD18BFB532005D6473 /* CardMatchingGame.m */,
				9C80BF7C18B83B18009074BD /* Deck.h */,
				9C80BF7D18B83B18009074BD /* Deck.m */,
				9C80BF7018B83A8C009074BD /* Card.h */,
				9C80BF7118B83A8C009074BD /* Card.m */,
				9C80BF7618B83AB6009074BD /* PlayingCard.h */,
				9C80BF7718B83AB6009074BD /* PlayingCard.m */,
				9C80BF7918B83AD9009074BD /* PlayingCardDeck.h */,
				9C80BF7A18B83AD9009074BD /* PlayingCardDeck.m */,
			);
			name = Model;
			sourceTree = "<group>";
		};
/* End PBXGroup section */

/* Begin PBXNativeTarget section */
		9C80BF3618B83906009074BD /* Matchismo */ = {
			isa = PBXNativeTarget;
			buildConfigurationList = 9C80BF6918B83907009074BD /* Build configuration list for PBXNativeTarget "Matchismo" */;
			buildPhases = (
				9C80BF3318B83906009074BD /* Sources */,
				9C80BF3418B83906009074BD /* Frameworks */,
				9C80BF3518B83906009074BD /* Resources */,
			);
			buildRules = (
			);
			dependencies = (
			);
			name = Matchismo;
			productName = Matchismo;
			productReference = 9C80BF3718B83906009074BD /* Matchismo.app */;
			productType = "com.apple.product-type.application";
		};
		9C80BF5718B83907009074BD /* MatchismoTests */ = {
			isa = PBXNativeTarget;
			buildConfigurationList = 9C80BF6C18B83907009074BD /* Build configuration list for PBXNativeTarget "MatchismoTests" */;
			buildPhases = (
				9C80BF5418B83907009074BD /* Sources */,
				9C80BF5518B83907009074BD /* Frameworks */,
				9C80BF5618B83907009074BD /* Resources */,
			);
			buildRules = (
			);
			dependencies = (
				9C80BF5E18B83907009074BD /* PBXTargetDependency */,
			);
			name = MatchismoTests;
			productName = MatchismoTests;
			productReference = 9C80BF5818B83907009074BD /* MatchismoTests.xctest */;
			productType = "com.apple.product-type.bundle.unit-test";
		};
/* End PBXNativeTarget section */

/* Begin PBXProject section */
		9C80BF2F18B83906009074BD /* Project object */ = {
			isa = PBXProject;
			attributes = {
				LastUpgradeCheck = 0500;
				ORGANIZATIONNAME = "Art Mostofi";
				TargetAttributes = {
					9C80BF5718B83907009074BD = {
						TestTargetID = 9C80BF3618B83906009074BD;
					};
				};
			};
			buildConfigurationList = 9C80BF3218B83906009074BD /* Build configuration list for PBXProject "Matchismo" */;
			compatibilityVersion = "Xcode 3.2";
			developmentRegion = English;
			hasScannedForEncodings = 0;
			knownRegions = (
				en,
				Base,
			);
			mainGroup = 9C80BF2E18B83906009074BD;
			productRefGroup = 9C80BF3818B83906009074BD /* Products */;
			projectDirPath = "";
			projectRoot = "";
			targets = (
				9C80BF3618B83906009074BD /* Matchismo */,
				9C80BF5718B83907009074BD /* MatchismoTests */,
			);
		};
/* End PBXProject section */

/* Begin PBXResourcesBuildPhase section */
		9C80BF3518B83906009074BD /* Resources */ = {
			isa = PBXResourcesBuildPhase;
			buildActionMask = 2147483647;
			files = (
				9C80BF5318B83907009074BD /* Images.xcassets in Resources */,
				9C80BF4518B83906009074BD /* InfoPlist.strings in Resources */,
				9C80BF4E18B83906009074BD /* Main.storyboard in Resources */,
			);
			runOnlyForDeploymentPostprocessing = 0;
		};
		9C80BF5618B83907009074BD /* Resources */ = {
			isa = PBXResourcesBuildPhase;
			buildActionMask = 2147483647;
			files = (
				9C80BF6418B83907009074BD /* InfoPlist.strings in Resources */,
			);
			runOnlyForDeploymentPostprocessing = 0;
		};
/* End PBXResourcesBuildPhase section */

/* Begin PBXSourcesBuildPhase section */
		9C80BF3318B83906009074BD /* Sources */ = {
			isa = PBXSourcesBuildPhase;
			buildActionMask = 2147483647;
			files = (
				9C80BF7818B83AB6009074BD /* PlayingCard.m in Sources */,
				9C80BF7E18B83B18009074BD /* Deck.m in Sources */,
				9C80BF5118B83906009074BD /* CardGameViewController.m in Sources */,
				9C80BF4B18B83906009074BD /* AppDelegate.m in Sources */,
				9CEDFCDE18BFB532005D6473 /* CardMatchingGame.m in Sources */,
				9C80BF7B18B83AD9009074BD /* PlayingCardDeck.m in Sources */,
				9C80BF4718B83906009074BD /* main.m in Sources */,
				9C80BF7218B83A8C009074BD /* Card.m in Sources */,
			);
			runOnlyForDeploymentPostprocessing = 0;
		};
		9C80BF5418B83907009074BD /* Sources */ = {
			isa = PBXSourcesBuildPhase;
			buildActionMask = 2147483647;
			files = (
				9C80BF6618B83907009074BD /* MatchismoTests.m in Sources */,
			);
			runOnlyForDeploymentPostprocessing = 0;
		};
/* End PBXSourcesBuildPhase section */

/* Begin PBXTargetDependency section */
		9C80BF5E18B83907009074BD /* PBXTargetDependency */ = {
			isa = PBXTargetDependency;
			target = 9C80BF3618B83906009074BD /* Matchismo */;
			targetProxy = 9C80BF5D18B83907009074BD /* PBXContainerItemProxy */;
		};
/* End PBXTargetDependency section */

/* Begin PBXVariantGroup section */
		9C80BF4318B83906009074BD /* InfoPlist.strings */ = {
			isa = PBXVariantGroup;
			children = (
				9C80BF4418B83906009074BD /* en */,
			);
			name = InfoPlist.strings;
			sourceTree = "<group>";
		};
		9C80BF4C18B83906009074BD /* Main.storyboard */ = {
			isa = PBXVariantGroup;
			children = (
				9C80BF4D18B83906009074BD /* Base */,
			);
			name = Main.storyboard;
			sourceTree = "<group>";
		};
		9C80BF6218B83907009074BD /* InfoPlist.strings */ = {
			isa = PBXVariantGroup;
			children = (
				9C80BF6318B83907009074BD /* en */,
			);
			name = InfoPlist.strings;
			sourceTree = "<group>";
		};
/* End PBXVariantGroup section */

/* Begin XCBuildConfiguration section */
		9C80BF6718B83907009074BD /* Debug */ = {
			isa = XCBuildConfiguration;
			buildSettings = {
				ALWAYS_SEARCH_USER_PATHS = NO;
				ARCHS = "$(ARCHS_STANDARD_INCLUDING_64_BIT)";
				CLANG_CXX_LANGUAGE_STANDARD = "gnu++0x";
				CLANG_CXX_LIBRARY = "libc++";
				CLANG_ENABLE_MODULES = YES;
				CLANG_ENABLE_OBJC_ARC = YES;
				CLANG_WARN_BOOL_CONVERSION = YES;
				CLANG_WARN_CONSTANT_CONVERSION = YES;
				CLANG_WARN_DIRECT_OBJC_ISA_USAGE = YES_ERROR;
				CLANG_WARN_EMPTY_BODY = YES;
				CLANG_WARN_ENUM_CONVERSION = YES;
				CLANG_WARN_INT_CONVERSION = YES;
				CLANG_WARN_OBJC_ROOT_CLASS = YES_ERROR;
				CLANG_WARN__DUPLICATE_METHOD_MATCH = YES;
				"CODE_SIGN_IDENTITY[sdk=iphoneos*]" = "iPhone Developer";
				COPY_PHASE_STRIP = NO;
				GCC_C_LANGUAGE_STANDARD = gnu99;
				GCC_DYNAMIC_NO_PIC = NO;
				GCC_OPTIMIZATION_LEVEL = 0;
				GCC_PREPROCESSOR_DEFINITIONS = (
					"DEBUG=1",
					"$(inherited)",
				);
				GCC_SYMBOLS_PRIVATE_EXTERN = NO;
				GCC_WARN_64_TO_32_BIT_CONVERSION = YES;
				GCC_WARN_ABOUT_RETURN_TYPE = YES_ERROR;
				GCC_WARN_UNDECLARED_SELECTOR = YES;
				GCC_WARN_UNINITIALIZED_AUTOS = YES;
				GCC_WARN_UNUSED_FUNCTION = YES;
				GCC_WARN_UNUSED_VARIABLE = YES;
				IPHONEOS_DEPLOYMENT_TARGET = 7.0;
				ONLY_ACTIVE_ARCH = YES;
				SDKROOT = iphoneos;
			};
			name = Debug;
		};
		9C80BF6818B83907009074BD /* Release */ = {
			isa = XCBuildConfiguration;
			buildSettings = {
				ALWAYS_SEARCH_USER_PATHS = NO;
				ARCHS = "$(ARCHS_STANDARD_INCLUDING_64_BIT)";
				CLANG_CXX_LANGUAGE_STANDARD = "gnu++0x";
				CLANG_CXX_LIBRARY = "libc++";
				CLANG_ENABLE_MODULES = YES;
				CLANG_ENABLE_OBJC_ARC = YES;
				CLANG_WARN_BOOL_CONVERSION = YES;
				CLANG_WARN_CONSTANT_CONVERSION = YES;
				CLANG_WARN_DIRECT_OBJC_ISA_USAGE = YES_ERROR;
				CLANG_WARN_EMPTY_BODY = YES;
				CLANG_WARN_ENUM_CONVERSION = YES;
				CLANG_WARN_INT_CONVERSION = YES;
				CLANG_WARN_OBJC_ROOT_CLASS = YES_ERROR;
				CLANG_WARN__DUPLICATE_METHOD_MATCH = YES;
				"CODE_SIGN_IDENTITY[sdk=iphoneos*]" = "iPhone Developer";
				COPY_PHASE_STRIP = YES;
				ENABLE_NS_ASSERTIONS = NO;
				GCC_C_LANGUAGE_STANDARD = gnu99;
				GCC_WARN_64_TO_32_BIT_CONVERSION = YES;
				GCC_WARN_ABOUT_RETURN_TYPE = YES_ERROR;
				GCC_WARN_UNDECLARED_SELECTOR = YES;
				GCC_WARN_UNINITIALIZED_AUTOS = YES;
				GCC_WARN_UNUSED_FUNCTION = YES;
				GCC_WARN_UNUSED_VARIABLE = YES;
				IPHONEOS_DEPLOYMENT_TARGET = 7.0;
				SDKROOT = iphoneos;
				VALIDATE_PRODUCT = YES;
			};
			name = Release;
		};
		9C80BF6A18B83907009074BD /* Debug */ = {
			isa = XCBuildConfiguration;
			buildSettings = {
				ASSETCATALOG_COMPILER_APPICON_NAME = AppIcon;
				ASSETCATALOG_COMPILER_LAUNCHIMAGE_NAME = LaunchImage;
				GCC_PRECOMPILE_PREFIX_HEADER = YES;
				GCC_PREFIX_HEADER = "Matchismo/Matchismo-Prefix.pch";
				INFOPLIST_FILE = "Matchismo/Matchismo-Info.plist";
				PRODUCT_NAME = "$(TARGET_NAME)";
				WRAPPER_EXTENSION = app;
			};
			name = Debug;
		};
		9C80BF6B18B83907009074BD /* Release */ = {
			isa = XCBuildConfiguration;
			buildSettings = {
				ASSETCATALOG_COMPILER_APPICON_NAME = AppIcon;
				ASSETCATALOG_COMPILER_LAUNCHIMAGE_NAME = LaunchImage;
				GCC_PRECOMPILE_PREFIX_HEADER = YES;
				GCC_PREFIX_HEADER = "Matchismo/Matchismo-Prefix.pch";
				INFOPLIST_FILE = "Matchismo/Matchismo-Info.plist";
				PRODUCT_NAME = "$(TARGET_NAME)";
				WRAPPER_EXTENSION = app;
			};
			name = Release;
		};
		9C80BF6D18B83907009074BD /* Debug */ = {
			isa = XCBuildConfiguration;
			buildSettings = {
				ARCHS = "$(ARCHS_STANDARD_INCLUDING_64_BIT)";
				BUNDLE_LOADER = "$(BUILT_PRODUCTS_DIR)/Matchismo.app/Matchismo";
				FRAMEWORK_SEARCH_PATHS = (
					"$(SDKROOT)/Developer/Library/Frameworks",
					"$(inherited)",
					"$(DEVELOPER_FRAMEWORKS_DIR)",
				);
				GCC_PRECOMPILE_PREFIX_HEADER = YES;
				GCC_PREFIX_HEADER = "Matchismo/Matchismo-Prefix.pch";
				GCC_PREPROCESSOR_DEFINITIONS = (
					"DEBUG=1",
					"$(inherited)",
				);
				INFOPLIST_FILE = "MatchismoTests/MatchismoTests-Info.plist";
				PRODUCT_NAME = "$(TARGET_NAME)";
				TEST_HOST = "$(BUNDLE_LOADER)";
				WRAPPER_EXTENSION = xctest;
			};
			name = Debug;
		};
		9C80BF6E18B83907009074BD /* Release */ = {
			isa = XCBuildConfiguration;
			buildSettings = {
				ARCHS = "$(ARCHS_STANDARD_INCLUDING_64_BIT)";
				BUNDLE_LOADER = "$(BUILT_PRODUCTS_DIR)/Matchismo.app/Matchismo";
				FRAMEWORK_SEARCH_PATHS = (
					"$(SDKROOT)/Developer/Library/Frameworks",
					"$(inherited)",
					"$(DEVELOPER_FRAMEWORKS_DIR)",
				);
				GCC_PRECOMPILE_PREFIX_HEADER = YES;
				GCC_PREFIX_HEADER = "Matchismo/Matchismo-Prefix.pch";
				INFOPLIST_FILE = "MatchismoTests/MatchismoTests-Info.plist";
				PRODUCT_NAME = "$(TARGET_NAME)";
				TEST_HOST = "$(BUNDLE_LOADER)";
				WRAPPER_EXTENSION = xctest;
			};
			name = Release;
		};
/* End XCBuildConfiguration section */

/* Begin XCConfigurationList section */
		9C80BF3218B83906009074BD /* Build configuration list for PBXProject "Matchismo" */ = {
			isa = XCConfigurationList;
			buildConfigurations = (
				9C80BF6718B83907009074BD /* Debug */,
				9C80BF6818B83907009074BD /* Release */,
			);
			defaultConfigurationIsVisible = 0;
			defaultConfigurationName = Release;
		};
		9C80BF6918B83907009074BD /* Build configuration list for PBXNativeTarget "Matchismo" */ = {
			isa = XCConfigurationList;
			buildConfigurations = (
				9C80BF6A18B83907009074BD /* Debug */,
				9C80BF6B18B83907009074BD /* Release */,
			);
			defaultConfigurationIsVisible = 0;
			defaultConfigurationName = Release;
		};
		9C80BF6C18B83907009074BD /* Build configuration list for PBXNativeTarget "MatchismoTests" */ = {
			isa = XCConfigurationList;
			buildConfigurations = (
				9C80BF6D18B83907009074BD /* Debug */,
				9C80BF6E18B83907009074BD /* Release */,
			);
			defaultConfigurationIsVisible = 0;
			defaultConfigurationName = Release;
		};
/* End XCConfigurationList section */
	};
	rootObject = 9C80BF2F18B83906009074BD /* Project object */;
}
